
Microsoft Visual Studio Solution File, Format Version 12.00
# Visual Studio Version 17
VisualStudioVersion = 17.13.35825.156 d17.13
MinimumVisualStudioVersion = 10.0.40219.1
Project("{FAE04EC0-301F-11D3-BF4B-00C04F79EFBC}") = "JogoDeAdvinhação.ConsoleApp1", "JogoDeAdvinhação.ConsoleApp1\JogoDeAdvinhação.ConsoleApp1.csproj", "{1E6A2943-304E-40AD-84BC-4B1A99064A6F}"
EndProject
Global
	GlobalSection(SolutionConfigurationPlatforms) = preSolution
		Debug|Any CPU = Debug|Any CPU
		Release|Any CPU = Release|Any CPU
	EndGlobalSection
	GlobalSection(ProjectConfigurationPlatforms) = postSolution
		{1E6A2943-304E-40AD-84BC-4B1A99064A6F}.Debug|Any CPU.ActiveCfg = Debug|Any CPU
		{1E6A2943-304E-40AD-84BC-4B1A99064A6F}.Debug|Any CPU.Build.0 = Debug|Any CPU
		{1E6A2943-304E-40AD-84BC-4B1A99064A6F}.Release|Any CPU.ActiveCfg = Release|Any CPU
		{1E6A2943-304E-40AD-84BC-4B1A99064A6F}.Release|Any CPU.Build.0 = Release|Any CPU
	EndGlobalSection
	GlobalSection(SolutionProperties) = preSolution
		HideSolutionNode = FALSE
	EndGlobalSection
	GlobalSection(ExtensibilityGlobals) = postSolution
		SolutionGuid = {BB74EF79-E35E-4E8B-ACF1-F0D647DFD813}
	EndGlobalSection
EndGlobal
